{
  "name": "Rocket_Elevators_Information_System",
  "lockfileVersion": 2,
  "requires": true,
  "packages": {
    "": {
      "name": "Rocket_Elevators_Information_System",
      "devDependencies": {
        "rrad": "^1.1.0"
      }
    },
    "node_modules/rrad": {
      "version": "1.1.0",
      "resolved": "https://registry.npmjs.org/rrad/-/rrad-1.1.0.tgz",
      "integrity": "sha512-jZjW+Rh6EGct+baVDC4sDdpTAtW5wKFz/W0XqOIwK3YHoC9sctCYa34t6I1rF0UPiqflqL34yyRgI94MNi4q5A==",
      "dev": true
    }
  },
  "dependencies": {
    "rrad": {
      "version": "1.1.0",
      "resolved": "https://registry.npmjs.org/rrad/-/rrad-1.1.0.tgz",
      "integrity": "sha512-jZjW+Rh6EGct+baVDC4sDdpTAtW5wKFz/W0XqOIwK3YHoC9sctCYa34t6I1rF0UPiqflqL34yyRgI94MNi4q5A==",
      "dev": true
    }
  }
}
